
Microsoft Visual Studio Solution File, Format Version 12.00
# Visual Studio 14
VisualStudioVersion = 14.0.24720.0
MinimumVisualStudioVersion = 10.0.40219.1
Project("{FAE04EC0-301F-11D3-BF4B-00C04F79EFBC}") = "AirBreather.Common", "AirBreather.Common\AirBreather.Common.csproj", "{F04C8BB5-8838-4472-9B64-FAFDB5A27EBC}"
EndProject
Project("{2150E333-8FDC-42A3-9474-1A3956D46DE8}") = "Test Projects", "Test Projects", "{00E7C413-FA19-46C2-B26B-193FFBFB6010}"
EndProject
Project("{FAE04EC0-301F-11D3-BF4B-00C04F79EFBC}") = "AirBreather.Common.Tests", "AirBreather.Common.Tests\AirBreather.Common.Tests.csproj", "{969F41E0-929C-436D-AF91-F90DD93FA06F}"
EndProject
Global
	GlobalSection(SolutionConfigurationPlatforms) = preSolution
		Debug|Any CPU = Debug|Any CPU
		Release|Any CPU = Release|Any CPU
	EndGlobalSection
	GlobalSection(ProjectConfigurationPlatforms) = postSolution
		{F04C8BB5-8838-4472-9B64-FAFDB5A27EBC}.Debug|Any CPU.ActiveCfg = Debug|Any CPU
		{F04C8BB5-8838-4472-9B64-FAFDB5A27EBC}.Debug|Any CPU.Build.0 = Debug|Any CPU
		{F04C8BB5-8838-4472-9B64-FAFDB5A27EBC}.Release|Any CPU.ActiveCfg = Release|Any CPU
		{F04C8BB5-8838-4472-9B64-FAFDB5A27EBC}.Release|Any CPU.Build.0 = Release|Any CPU
		{969F41E0-929C-436D-AF91-F90DD93FA06F}.Debug|Any CPU.ActiveCfg = Debug|Any CPU
		{969F41E0-929C-436D-AF91-F90DD93FA06F}.Debug|Any CPU.Build.0 = Debug|Any CPU
		{969F41E0-929C-436D-AF91-F90DD93FA06F}.Release|Any CPU.ActiveCfg = Release|Any CPU
		{969F41E0-929C-436D-AF91-F90DD93FA06F}.Release|Any CPU.Build.0 = Release|Any CPU
	EndGlobalSection
	GlobalSection(SolutionProperties) = preSolution
		HideSolutionNode = FALSE
	EndGlobalSection
	GlobalSection(NestedProjects) = preSolution
		{969F41E0-929C-436D-AF91-F90DD93FA06F} = {00E7C413-FA19-46C2-B26B-193FFBFB6010}
	EndGlobalSection
EndGlobal
